
Microsoft Visual Studio Solution File, Format Version 12.00
# Visual Studio Version 16
VisualStudioVersion = 16.0.30523.141
MinimumVisualStudioVersion = 10.0.40219.1
Project("{9A19103F-16F7-4668-BE54-9A1E7A4F7556}") = "SerialPortTester", "SerialPortTester\SerialPortTester.csproj", "{133CA74E-9D1D-4255-A090-07B867CDF47C}"
EndProject
Project("{9A19103F-16F7-4668-BE54-9A1E7A4F7556}") = "nick_wpf_tools", "nick_wpf_tools\nick_wpf_tools.csproj", "{A81E2182-EA51-4BA7-9497-B0AD73512317}"
EndProject
Global
	GlobalSection(SolutionConfigurationPlatforms) = preSolution
		Debug|Any CPU = Debug|Any CPU
		Release|Any CPU = Release|Any CPU
	EndGlobalSection
	GlobalSection(ProjectConfigurationPlatforms) = postSolution
		{133CA74E-9D1D-4255-A090-07B867CDF47C}.Debug|Any CPU.ActiveCfg = Debug|Any CPU
		{133CA74E-9D1D-4255-A090-07B867CDF47C}.Debug|Any CPU.Build.0 = Debug|Any CPU
		{133CA74E-9D1D-4255-A090-07B867CDF47C}.Release|Any CPU.ActiveCfg = Release|Any CPU
		{133CA74E-9D1D-4255-A090-07B867CDF47C}.Release|Any CPU.Build.0 = Release|Any CPU
		{A81E2182-EA51-4BA7-9497-B0AD73512317}.Debug|Any CPU.ActiveCfg = Debug|Any CPU
		{A81E2182-EA51-4BA7-9497-B0AD73512317}.Debug|Any CPU.Build.0 = Debug|Any CPU
		{A81E2182-EA51-4BA7-9497-B0AD73512317}.Release|Any CPU.ActiveCfg = Release|Any CPU
		{A81E2182-EA51-4BA7-9497-B0AD73512317}.Release|Any CPU.Build.0 = Release|Any CPU
	EndGlobalSection
	GlobalSection(SolutionProperties) = preSolution
		HideSolutionNode = FALSE
	EndGlobalSection
	GlobalSection(ExtensibilityGlobals) = postSolution
		SolutionGuid = {7AAB602F-F964-412E-980D-F80036018FCC}
	EndGlobalSection
EndGlobal
